// !$*UTF8*$!
{
	archiveVersion = 1;
	classes = {
	};
	objectVersion = 50;
	objects = {

/* Begin PBXBuildFile section */
		9155FDBA2175E97200761A1B /* ProfileStoryboard.storyboard in Resources */ = {isa = PBXBuildFile; fileRef = 9155FDB92175E97200761A1B /* ProfileStoryboard.storyboard */; };
		9155FDBC2175E98000761A1B /* ProfileViewController.swift in Sources */ = {isa = PBXBuildFile; fileRef = 9155FDBB2175E98000761A1B /* ProfileViewController.swift */; };
		91692B6C216EEC7E0032B031 /* QRCodeHelper.swift in Sources */ = {isa = PBXBuildFile; fileRef = 91692B6B216EEC7E0032B031 /* QRCodeHelper.swift */; };
		91692B6E216EECC00032B031 /* QRCodeStoryboard.storyboard in Resources */ = {isa = PBXBuildFile; fileRef = 91692B6D216EECC00032B031 /* QRCodeStoryboard.storyboard */; };
		91692B70216EECD30032B031 /* QRCodeViewController.swift in Sources */ = {isa = PBXBuildFile; fileRef = 91692B6F216EECD30032B031 /* QRCodeViewController.swift */; };
		917DFFFD2182C54500E14ABB /* ApiHelper.swift in Sources */ = {isa = PBXBuildFile; fileRef = 917DFFFC2182C54500E14ABB /* ApiHelper.swift */; };
		917DFFFF2182C5BD00E14ABB /* URL+Helpers.swift in Sources */ = {isa = PBXBuildFile; fileRef = 917DFFFE2182C5BD00E14ABB /* URL+Helpers.swift */; };
		918F042D216DA31400A1764D /* AppDelegate.swift in Sources */ = {isa = PBXBuildFile; fileRef = 918F042C216DA31400A1764D /* AppDelegate.swift */; };
		918F042F216DA31400A1764D /* MainViewController.swift in Sources */ = {isa = PBXBuildFile; fileRef = 918F042E216DA31400A1764D /* MainViewController.swift */; };
		918F0432216DA31400A1764D /* Main.storyboard in Resources */ = {isa = PBXBuildFile; fileRef = 918F0430216DA31400A1764D /* Main.storyboard */; };
		918F0434216DA31400A1764D /* Assets.xcassets in Resources */ = {isa = PBXBuildFile; fileRef = 918F0433216DA31400A1764D /* Assets.xcassets */; };
		918F0437216DA31400A1764D /* LaunchScreen.storyboard in Resources */ = {isa = PBXBuildFile; fileRef = 918F0435216DA31400A1764D /* LaunchScreen.storyboard */; };
		918F0443216DA5C000A1764D /* HomeStoryboard.storyboard in Resources */ = {isa = PBXBuildFile; fileRef = 918F0442216DA5C000A1764D /* HomeStoryboard.storyboard */; };
		918F0445216DA5D500A1764D /* HomeViewController.swift in Sources */ = {isa = PBXBuildFile; fileRef = 918F0444216DA5D500A1764D /* HomeViewController.swift */; };
		918F0447216DC54900A1764D /* NewsAndTipsCollectionViewCell.swift in Sources */ = {isa = PBXBuildFile; fileRef = 918F0446216DC54900A1764D /* NewsAndTipsCollectionViewCell.swift */; };
		918F044A216DC97A00A1764D /* ItemPrice.swift in Sources */ = {isa = PBXBuildFile; fileRef = 918F0449216DC97A00A1764D /* ItemPrice.swift */; };
		F311B719216DC6EA001E3123 /* LoginStoryboard.storyboard in Resources */ = {isa = PBXBuildFile; fileRef = F311B718216DC6EA001E3123 /* LoginStoryboard.storyboard */; };
		F311B71B216DC6FE001E3123 /* LoginViewController.swift in Sources */ = {isa = PBXBuildFile; fileRef = F311B71A216DC6FE001E3123 /* LoginViewController.swift */; };
		F399F3C22174390E001FBE8C /* RegisterStoryboard.storyboard in Resources */ = {isa = PBXBuildFile; fileRef = F399F3C12174390E001FBE8C /* RegisterStoryboard.storyboard */; };
		F399F3C421743923001FBE8C /* RegisterViewController.swift in Sources */ = {isa = PBXBuildFile; fileRef = F399F3C321743923001FBE8C /* RegisterViewController.swift */; };
		F399F3C921746932001FBE8C /* BankSampahStoryboard.storyboard in Resources */ = {isa = PBXBuildFile; fileRef = F399F3C821746932001FBE8C /* BankSampahStoryboard.storyboard */; };
		F399F3CB21746975001FBE8C /* BankSampahViewController.swift in Sources */ = {isa = PBXBuildFile; fileRef = F399F3CA21746975001FBE8C /* BankSampahViewController.swift */; };
		F399F3CD2174FFAA001FBE8C /* ListBankSampah.swift in Sources */ = {isa = PBXBuildFile; fileRef = F399F3CC2174FFAA001FBE8C /* ListBankSampah.swift */; };
		F399F3CF217501D4001FBE8C /* detailBankTableViewCell.swift in Sources */ = {isa = PBXBuildFile; fileRef = F399F3CE217501D4001FBE8C /* detailBankTableViewCell.swift */; };
		F399F3D12175980A001FBE8C /* DetailBankSampahViewController.swift in Sources */ = {isa = PBXBuildFile; fileRef = F399F3D02175980A001FBE8C /* DetailBankSampahViewController.swift */; };
		F3AB5E092176062E0046604D /* HistoryTableViewCell.swift in Sources */ = {isa = PBXBuildFile; fileRef = F3AB5E082176062E0046604D /* HistoryTableViewCell.swift */; };
/* End PBXBuildFile section */

/* Begin PBXFileReference section */
		9155FDB92175E97200761A1B /* ProfileStoryboard.storyboard */ = {isa = PBXFileReference; lastKnownFileType = file.storyboard; path = ProfileStoryboard.storyboard; sourceTree = "<group>"; };
		9155FDBB2175E98000761A1B /* ProfileViewController.swift */ = {isa = PBXFileReference; lastKnownFileType = sourcecode.swift; path = ProfileViewController.swift; sourceTree = "<group>"; };
		91692B6B216EEC7E0032B031 /* QRCodeHelper.swift */ = {isa = PBXFileReference; lastKnownFileType = sourcecode.swift; path = QRCodeHelper.swift; sourceTree = "<group>"; };
		91692B6D216EECC00032B031 /* QRCodeStoryboard.storyboard */ = {isa = PBXFileReference; lastKnownFileType = file.storyboard; path = QRCodeStoryboard.storyboard; sourceTree = "<group>"; };
		91692B6F216EECD30032B031 /* QRCodeViewController.swift */ = {isa = PBXFileReference; lastKnownFileType = sourcecode.swift; path = QRCodeViewController.swift; sourceTree = "<group>"; };
		917DFFFC2182C54500E14ABB /* ApiHelper.swift */ = {isa = PBXFileReference; lastKnownFileType = sourcecode.swift; path = ApiHelper.swift; sourceTree = "<group>"; };
		917DFFFE2182C5BD00E14ABB /* URL+Helpers.swift */ = {isa = PBXFileReference; lastKnownFileType = sourcecode.swift; path = "URL+Helpers.swift"; sourceTree = "<group>"; };
		918F0429216DA31400A1764D /* LaskarSampahIRT.app */ = {isa = PBXFileReference; explicitFileType = wrapper.application; includeInIndex = 0; path = LaskarSampahIRT.app; sourceTree = BUILT_PRODUCTS_DIR; };
		918F042C216DA31400A1764D /* AppDelegate.swift */ = {isa = PBXFileReference; lastKnownFileType = sourcecode.swift; path = AppDelegate.swift; sourceTree = "<group>"; };
		918F042E216DA31400A1764D /* MainViewController.swift */ = {isa = PBXFileReference; lastKnownFileType = sourcecode.swift; path = MainViewController.swift; sourceTree = "<group>"; };
		918F0431216DA31400A1764D /* Base */ = {isa = PBXFileReference; lastKnownFileType = file.storyboard; name = Base; path = Base.lproj/Main.storyboard; sourceTree = "<group>"; };
		918F0433216DA31400A1764D /* Assets.xcassets */ = {isa = PBXFileReference; lastKnownFileType = folder.assetcatalog; path = Assets.xcassets; sourceTree = "<group>"; };
		918F0436216DA31400A1764D /* Base */ = {isa = PBXFileReference; lastKnownFileType = file.storyboard; name = Base; path = Base.lproj/LaunchScreen.storyboard; sourceTree = "<group>"; };
		918F0438216DA31400A1764D /* Info.plist */ = {isa = PBXFileReference; lastKnownFileType = text.plist.xml; path = Info.plist; sourceTree = "<group>"; };
		918F0442216DA5C000A1764D /* HomeStoryboard.storyboard */ = {isa = PBXFileReference; lastKnownFileType = file.storyboard; path = HomeStoryboard.storyboard; sourceTree = "<group>"; };
		918F0444216DA5D500A1764D /* HomeViewController.swift */ = {isa = PBXFileReference; lastKnownFileType = sourcecode.swift; path = HomeViewController.swift; sourceTree = "<group>"; };
		918F0446216DC54900A1764D /* NewsAndTipsCollectionViewCell.swift */ = {isa = PBXFileReference; lastKnownFileType = sourcecode.swift; path = NewsAndTipsCollectionViewCell.swift; sourceTree = "<group>"; };
		918F0449216DC97A00A1764D /* ItemPrice.swift */ = {isa = PBXFileReference; lastKnownFileType = sourcecode.swift; path = ItemPrice.swift; sourceTree = "<group>"; };
		F311B718216DC6EA001E3123 /* LoginStoryboard.storyboard */ = {isa = PBXFileReference; lastKnownFileType = file.storyboard; path = LoginStoryboard.storyboard; sourceTree = "<group>"; };
		F311B71A216DC6FE001E3123 /* LoginViewController.swift */ = {isa = PBXFileReference; lastKnownFileType = sourcecode.swift; path = LoginViewController.swift; sourceTree = "<group>"; };
		F399F3C12174390E001FBE8C /* RegisterStoryboard.storyboard */ = {isa = PBXFileReference; lastKnownFileType = file.storyboard; path = RegisterStoryboard.storyboard; sourceTree = "<group>"; };
		F399F3C321743923001FBE8C /* RegisterViewController.swift */ = {isa = PBXFileReference; lastKnownFileType = sourcecode.swift; path = RegisterViewController.swift; sourceTree = "<group>"; };
		F399F3C821746932001FBE8C /* BankSampahStoryboard.storyboard */ = {isa = PBXFileReference; lastKnownFileType = file.storyboard; path = BankSampahStoryboard.storyboard; sourceTree = "<group>"; };
		F399F3CA21746975001FBE8C /* BankSampahViewController.swift */ = {isa = PBXFileReference; lastKnownFileType = sourcecode.swift; path = BankSampahViewController.swift; sourceTree = "<group>"; };
		F399F3CC2174FFAA001FBE8C /* ListBankSampah.swift */ = {isa = PBXFileReference; lastKnownFileType = sourcecode.swift; path = ListBankSampah.swift; sourceTree = "<group>"; };
		F399F3CE217501D4001FBE8C /* detailBankTableViewCell.swift */ = {isa = PBXFileReference; lastKnownFileType = sourcecode.swift; path = detailBankTableViewCell.swift; sourceTree = "<group>"; };
		F399F3D02175980A001FBE8C /* DetailBankSampahViewController.swift */ = {isa = PBXFileReference; lastKnownFileType = sourcecode.swift; path = DetailBankSampahViewController.swift; sourceTree = "<group>"; };
		F3AB5E082176062E0046604D /* HistoryTableViewCell.swift */ = {isa = PBXFileReference; lastKnownFileType = sourcecode.swift; path = HistoryTableViewCell.swift; sourceTree = "<group>"; };
/* End PBXFileReference section */

/* Begin PBXFrameworksBuildPhase section */
		918F0426216DA31400A1764D /* Frameworks */ = {
			isa = PBXFrameworksBuildPhase;
			buildActionMask = 2147483647;
			files = (
			);
			runOnlyForDeploymentPostprocessing = 0;
		};
/* End PBXFrameworksBuildPhase section */

/* Begin PBXGroup section */
		9155FDB82175E96600761A1B /* Profile */ = {
			isa = PBXGroup;
			children = (
				9155FDB92175E97200761A1B /* ProfileStoryboard.storyboard */,
				9155FDBB2175E98000761A1B /* ProfileViewController.swift */,
				F3AB5E082176062E0046604D /* HistoryTableViewCell.swift */,
			);
			path = Profile;
			sourceTree = "<group>";
		};
		91692B68216EEC2E0032B031 /* QRCode */ = {
			isa = PBXGroup;
			children = (
				91692B6D216EECC00032B031 /* QRCodeStoryboard.storyboard */,
				91692B6F216EECD30032B031 /* QRCodeViewController.swift */,
			);
			path = QRCode;
			sourceTree = "<group>";
		};
		91692B6A216EEC6D0032B031 /* Helper */ = {
			isa = PBXGroup;
			children = (
				91692B6B216EEC7E0032B031 /* QRCodeHelper.swift */,
				917DFFFC2182C54500E14ABB /* ApiHelper.swift */,
				917DFFFE2182C5BD00E14ABB /* URL+Helpers.swift */,
			);
			path = Helper;
			sourceTree = "<group>";
		};
		918F0420216DA31400A1764D = {
			isa = PBXGroup;
			children = (
				918F042B216DA31400A1764D /* LaskarSampahIRT */,
				918F042A216DA31400A1764D /* Products */,
			);
			sourceTree = "<group>";
		};
		918F042A216DA31400A1764D /* Products */ = {
			isa = PBXGroup;
			children = (
				918F0429216DA31400A1764D /* LaskarSampahIRT.app */,
			);
			name = Products;
			sourceTree = "<group>";
		};
		918F042B216DA31400A1764D /* LaskarSampahIRT */ = {
			isa = PBXGroup;
			children = (
				91692B6A216EEC6D0032B031 /* Helper */,
				918F0448216DC96000A1764D /* Model */,
				918F0440216DA51E00A1764D /* Pages */,
				918F043F216DA4C000A1764D /* View */,
				918F0433216DA31400A1764D /* Assets.xcassets */,
				918F042C216DA31400A1764D /* AppDelegate.swift */,
				918F0438216DA31400A1764D /* Info.plist */,
			);
			path = LaskarSampahIRT;
			sourceTree = "<group>";
		};
		918F043F216DA4C000A1764D /* View */ = {
			isa = PBXGroup;
			children = (
				918F042E216DA31400A1764D /* MainViewController.swift */,
				918F0430216DA31400A1764D /* Main.storyboard */,
				918F0435216DA31400A1764D /* LaunchScreen.storyboard */,
			);
			path = View;
			sourceTree = "<group>";
		};
		918F0440216DA51E00A1764D /* Pages */ = {
			isa = PBXGroup;
			children = (
				9155FDB82175E96600761A1B /* Profile */,
				F399F3C5217468EA001FBE8C /* Bank */,
				F311B717216DC6D1001E3123 /* Login */,
				F311B716216DC6C7001E3123 /* Register */,
				91692B68216EEC2E0032B031 /* QRCode */,
				918F0441216DA57F00A1764D /* Home */,
			);
			path = Pages;
			sourceTree = "<group>";
		};
		918F0441216DA57F00A1764D /* Home */ = {
			isa = PBXGroup;
			children = (
				918F0442216DA5C000A1764D /* HomeStoryboard.storyboard */,
				918F0444216DA5D500A1764D /* HomeViewController.swift */,
				918F0446216DC54900A1764D /* NewsAndTipsCollectionViewCell.swift */,
			);
			path = Home;
			sourceTree = "<group>";
		};
		918F0448216DC96000A1764D /* Model */ = {
			isa = PBXGroup;
			children = (
				918F0449216DC97A00A1764D /* ItemPrice.swift */,
				F399F3CC2174FFAA001FBE8C /* ListBankSampah.swift */,
			);
			path = Model;
			sourceTree = "<group>";
		};
		F311B716216DC6C7001E3123 /* Register */ = {
			isa = PBXGroup;
			children = (
				F399F3C12174390E001FBE8C /* RegisterStoryboard.storyboard */,
				F399F3C321743923001FBE8C /* RegisterViewController.swift */,
			);
			path = Register;
			sourceTree = "<group>";
		};
		F311B717216DC6D1001E3123 /* Login */ = {
			isa = PBXGroup;
			children = (
				F311B718216DC6EA001E3123 /* LoginStoryboard.storyboard */,
				F311B71A216DC6FE001E3123 /* LoginViewController.swift */,
			);
			path = Login;
			sourceTree = "<group>";
		};
		F399F3C5217468EA001FBE8C /* Bank */ = {
			isa = PBXGroup;
			children = (
				F399F3C821746932001FBE8C /* BankSampahStoryboard.storyboard */,
				F399F3CA21746975001FBE8C /* BankSampahViewController.swift */,
				F399F3CE217501D4001FBE8C /* detailBankTableViewCell.swift */,
				F399F3D02175980A001FBE8C /* DetailBankSampahViewController.swift */,
			);
			path = Bank;
			sourceTree = "<group>";
		};
/* End PBXGroup section */

/* Begin PBXNativeTarget section */
		918F0428216DA31400A1764D /* LaskarSampahIRT */ = {
			isa = PBXNativeTarget;
			buildConfigurationList = 918F043B216DA31400A1764D /* Build configuration list for PBXNativeTarget "LaskarSampahIRT" */;
			buildPhases = (
				918F0425216DA31400A1764D /* Sources */,
				918F0426216DA31400A1764D /* Frameworks */,
				918F0427216DA31400A1764D /* Resources */,
			);
			buildRules = (
			);
			dependencies = (
			);
			name = LaskarSampahIRT;
			productName = LaskarSampahIRT;
			productReference = 918F0429216DA31400A1764D /* LaskarSampahIRT.app */;
			productType = "com.apple.product-type.application";
		};
/* End PBXNativeTarget section */

/* Begin PBXProject section */
		918F0421216DA31400A1764D /* Project object */ = {
			isa = PBXProject;
			attributes = {
				LastSwiftUpdateCheck = 1000;
				LastUpgradeCheck = 1000;
				ORGANIZATIONNAME = "Daniel Gunawan";
				TargetAttributes = {
					918F0428216DA31400A1764D = {
						CreatedOnToolsVersion = 10.0;
					};
				};
			};
			buildConfigurationList = 918F0424216DA31400A1764D /* Build configuration list for PBXProject "LaskarSampahIRT" */;
			compatibilityVersion = "Xcode 9.3";
			developmentRegion = en;
			hasScannedForEncodings = 0;
			knownRegions = (
				en,
				Base,
			);
			mainGroup = 918F0420216DA31400A1764D;
			productRefGroup = 918F042A216DA31400A1764D /* Products */;
			projectDirPath = "";
			projectRoot = "";
			targets = (
				918F0428216DA31400A1764D /* LaskarSampahIRT */,
			);
		};
/* End PBXProject section */

/* Begin PBXResourcesBuildPhase section */
		918F0427216DA31400A1764D /* Resources */ = {
			isa = PBXResourcesBuildPhase;
			buildActionMask = 2147483647;
			files = (
				918F0437216DA31400A1764D /* LaunchScreen.storyboard in Resources */,
				F311B719216DC6EA001E3123 /* LoginStoryboard.storyboard in Resources */,
				91692B6E216EECC00032B031 /* QRCodeStoryboard.storyboard in Resources */,
				F399F3C22174390E001FBE8C /* RegisterStoryboard.storyboard in Resources */,
				918F0434216DA31400A1764D /* Assets.xcassets in Resources */,
				F399F3C921746932001FBE8C /* BankSampahStoryboard.storyboard in Resources */,
				9155FDBA2175E97200761A1B /* ProfileStoryboard.storyboard in Resources */,
				918F0443216DA5C000A1764D /* HomeStoryboard.storyboard in Resources */,
				918F0432216DA31400A1764D /* Main.storyboard in Resources */,
			);
			runOnlyForDeploymentPostprocessing = 0;
		};
/* End PBXResourcesBuildPhase section */

/* Begin PBXSourcesBuildPhase section */
		918F0425216DA31400A1764D /* Sources */ = {
			isa = PBXSourcesBuildPhase;
			buildActionMask = 2147483647;
			files = (
				F399F3C421743923001FBE8C /* RegisterViewController.swift in Sources */,
				F311B71B216DC6FE001E3123 /* LoginViewController.swift in Sources */,
				F399F3D12175980A001FBE8C /* DetailBankSampahViewController.swift in Sources */,
				918F042F216DA31400A1764D /* MainViewController.swift in Sources */,
				917DFFFD2182C54500E14ABB /* ApiHelper.swift in Sources */,
				917DFFFF2182C5BD00E14ABB /* URL+Helpers.swift in Sources */,
				9155FDBC2175E98000761A1B /* ProfileViewController.swift in Sources */,
				918F0447216DC54900A1764D /* NewsAndTipsCollectionViewCell.swift in Sources */,
				918F042D216DA31400A1764D /* AppDelegate.swift in Sources */,
				91692B6C216EEC7E0032B031 /* QRCodeHelper.swift in Sources */,
				F399F3CF217501D4001FBE8C /* detailBankTableViewCell.swift in Sources */,
				F3AB5E092176062E0046604D /* HistoryTableViewCell.swift in Sources */,
				F399F3CB21746975001FBE8C /* BankSampahViewController.swift in Sources */,
				918F044A216DC97A00A1764D /* ItemPrice.swift in Sources */,
				91692B70216EECD30032B031 /* QRCodeViewController.swift in Sources */,
				918F0445216DA5D500A1764D /* HomeViewController.swift in Sources */,
				F399F3CD2174FFAA001FBE8C /* ListBankSampah.swift in Sources */,
			);
			runOnlyForDeploymentPostprocessing = 0;
		};
/* End PBXSourcesBuildPhase section */

/* Begin PBXVariantGroup section */
		918F0430216DA31400A1764D /* Main.storyboard */ = {
			isa = PBXVariantGroup;
			children = (
				918F0431216DA31400A1764D /* Base */,
			);
			name = Main.storyboard;
			sourceTree = "<group>";
		};
		918F0435216DA31400A1764D /* LaunchScreen.storyboard */ = {
			isa = PBXVariantGroup;
			children = (
				918F0436216DA31400A1764D /* Base */,
			);
			name = LaunchScreen.storyboard;
			sourceTree = "<group>";
		};
/* End PBXVariantGroup section */

/* Begin XCBuildConfiguration section */
		918F0439216DA31400A1764D /* Debug */ = {
			isa = XCBuildConfiguration;
			buildSettings = {
				ALWAYS_SEARCH_USER_PATHS = NO;
				CLANG_ANALYZER_NONNULL = YES;
				CLANG_ANALYZER_NUMBER_OBJECT_CONVERSION = YES_AGGRESSIVE;
				CLANG_CXX_LANGUAGE_STANDARD = "gnu++14";
				CLANG_CXX_LIBRARY = "libc++";
				CLANG_ENABLE_MODULES = YES;
				CLANG_ENABLE_OBJC_ARC = YES;
				CLANG_ENABLE_OBJC_WEAK = YES;
				CLANG_WARN_BLOCK_CAPTURE_AUTORELEASING = YES;
				CLANG_WARN_BOOL_CONVERSION = YES;
				CLANG_WARN_COMMA = YES;
				CLANG_WARN_CONSTANT_CONVERSION = YES;
				CLANG_WARN_DEPRECATED_OBJC_IMPLEMENTATIONS = YES;
				CLANG_WARN_DIRECT_OBJC_ISA_USAGE = YES_ERROR;
				CLANG_WARN_DOCUMENTATION_COMMENTS = YES;
				CLANG_WARN_EMPTY_BODY = YES;
				CLANG_WARN_ENUM_CONVERSION = YES;
				CLANG_WARN_INFINITE_RECURSION = YES;
				CLANG_WARN_INT_CONVERSION = YES;
				CLANG_WARN_NON_LITERAL_NULL_CONVERSION = YES;
				CLANG_WARN_OBJC_IMPLICIT_RETAIN_SELF = YES;
				CLANG_WARN_OBJC_LITERAL_CONVERSION = YES;
				CLANG_WARN_OBJC_ROOT_CLASS = YES_ERROR;
				CLANG_WARN_RANGE_LOOP_ANALYSIS = YES;
				CLANG_WARN_STRICT_PROTOTYPES = YES;
				CLANG_WARN_SUSPICIOUS_MOVE = YES;
				CLANG_WARN_UNGUARDED_AVAILABILITY = YES_AGGRESSIVE;
				CLANG_WARN_UNREACHABLE_CODE = YES;
				CLANG_WARN__DUPLICATE_METHOD_MATCH = YES;
				CODE_SIGN_IDENTITY = "iPhone Developer";
				COPY_PHASE_STRIP = NO;
				DEBUG_INFORMATION_FORMAT = dwarf;
				ENABLE_STRICT_OBJC_MSGSEND = YES;
				ENABLE_TESTABILITY = YES;
				GCC_C_LANGUAGE_STANDARD = gnu11;
				GCC_DYNAMIC_NO_PIC = NO;
				GCC_NO_COMMON_BLOCKS = YES;
				GCC_OPTIMIZATION_LEVEL = 0;
				GCC_PREPROCESSOR_DEFINITIONS = (
					"DEBUG=1",
					"$(inherited)",
				);
				GCC_WARN_64_TO_32_BIT_CONVERSION = YES;
				GCC_WARN_ABOUT_RETURN_TYPE = YES_ERROR;
				GCC_WARN_UNDECLARED_SELECTOR = YES;
				GCC_WARN_UNINITIALIZED_AUTOS = YES_AGGRESSIVE;
				GCC_WARN_UNUSED_FUNCTION = YES;
				GCC_WARN_UNUSED_VARIABLE = YES;
				IPHONEOS_DEPLOYMENT_TARGET = 12.0;
				MTL_ENABLE_DEBUG_INFO = INCLUDE_SOURCE;
				MTL_FAST_MATH = YES;
				ONLY_ACTIVE_ARCH = YES;
				SDKROOT = iphoneos;
				SWIFT_ACTIVE_COMPILATION_CONDITIONS = DEBUG;
				SWIFT_OPTIMIZATION_LEVEL = "-Onone";
			};
			name = Debug;
		};
		918F043A216DA31400A1764D /* Release */ = {
			isa = XCBuildConfiguration;
			buildSettings = {
				ALWAYS_SEARCH_USER_PATHS = NO;
				CLANG_ANALYZER_NONNULL = YES;
				CLANG_ANALYZER_NUMBER_OBJECT_CONVERSION = YES_AGGRESSIVE;
				CLANG_CXX_LANGUAGE_STANDARD = "gnu++14";
				CLANG_CXX_LIBRARY = "libc++";
				CLANG_ENABLE_MODULES = YES;
				CLANG_ENABLE_OBJC_ARC = YES;
				CLANG_ENABLE_OBJC_WEAK = YES;
				CLANG_WARN_BLOCK_CAPTURE_AUTORELEASING = YES;
				CLANG_WARN_BOOL_CONVERSION = YES;
				CLANG_WARN_COMMA = YES;
				CLANG_WARN_CONSTANT_CONVERSION = YES;
				CLANG_WARN_DEPRECATED_OBJC_IMPLEMENTATIONS = YES;
				CLANG_WARN_DIRECT_OBJC_ISA_USAGE = YES_ERROR;
				CLANG_WARN_DOCUMENTATION_COMMENTS = YES;
				CLANG_WARN_EMPTY_BODY = YES;
				CLANG_WARN_ENUM_CONVERSION = YES;
				CLANG_WARN_INFINITE_RECURSION = YES;
				CLANG_WARN_INT_CONVERSION = YES;
				CLANG_WARN_NON_LITERAL_NULL_CONVERSION = YES;
				CLANG_WARN_OBJC_IMPLICIT_RETAIN_SELF = YES;
				CLANG_WARN_OBJC_LITERAL_CONVERSION = YES;
				CLANG_WARN_OBJC_ROOT_CLASS = YES_ERROR;
				CLANG_WARN_RANGE_LOOP_ANALYSIS = YES;
				CLANG_WARN_STRICT_PROTOTYPES = YES;
				CLANG_WARN_SUSPICIOUS_MOVE = YES;
				CLANG_WARN_UNGUARDED_AVAILABILITY = YES_AGGRESSIVE;
				CLANG_WARN_UNREACHABLE_CODE = YES;
				CLANG_WARN__DUPLICATE_METHOD_MATCH = YES;
				CODE_SIGN_IDENTITY = "iPhone Developer";
				COPY_PHASE_STRIP = NO;
				DEBUG_INFORMATION_FORMAT = "dwarf-with-dsym";
				ENABLE_NS_ASSERTIONS = NO;
				ENABLE_STRICT_OBJC_MSGSEND = YES;
				GCC_C_LANGUAGE_STANDARD = gnu11;
				GCC_NO_COMMON_BLOCKS = YES;
				GCC_WARN_64_TO_32_BIT_CONVERSION = YES;
				GCC_WARN_ABOUT_RETURN_TYPE = YES_ERROR;
				GCC_WARN_UNDECLARED_SELECTOR = YES;
				GCC_WARN_UNINITIALIZED_AUTOS = YES_AGGRESSIVE;
				GCC_WARN_UNUSED_FUNCTION = YES;
				GCC_WARN_UNUSED_VARIABLE = YES;
				IPHONEOS_DEPLOYMENT_TARGET = 12.0;
				MTL_ENABLE_DEBUG_INFO = NO;
				MTL_FAST_MATH = YES;
				SDKROOT = iphoneos;
				SWIFT_COMPILATION_MODE = wholemodule;
				SWIFT_OPTIMIZATION_LEVEL = "-O";
				VALIDATE_PRODUCT = YES;
			};
			name = Release;
		};
		918F043C216DA31400A1764D /* Debug */ = {
			isa = XCBuildConfiguration;
			buildSettings = {
				ASSETCATALOG_COMPILER_APPICON_NAME = AppIcon;
				CODE_SIGN_STYLE = Automatic;
				DEVELOPMENT_TEAM = 4S25B8KB84;
				INFOPLIST_FILE = LaskarSampahIRT/Info.plist;
				LD_RUNPATH_SEARCH_PATHS = (
					"$(inherited)",
					"@executable_path/Frameworks",
				);
				PRODUCT_BUNDLE_IDENTIFIER = com.danielgunawan.LaskarSampahIRT;
				PRODUCT_NAME = "$(TARGET_NAME)";
				SWIFT_VERSION = 4.2;
				TARGETED_DEVICE_FAMILY = "1,2";
			};
			name = Debug;
		};
		918F043D216DA31400A1764D /* Release */ = {
			isa = XCBuildConfiguration;
			buildSettings = {
				ASSETCATALOG_COMPILER_APPICON_NAME = AppIcon;
				CODE_SIGN_STYLE = Automatic;
				DEVELOPMENT_TEAM = 4S25B8KB84;
				INFOPLIST_FILE = LaskarSampahIRT/Info.plist;
				LD_RUNPATH_SEARCH_PATHS = (
					"$(inherited)",
					"@executable_path/Frameworks",
				);
				PRODUCT_BUNDLE_IDENTIFIER = com.danielgunawan.LaskarSampahIRT;
				PRODUCT_NAME = "$(TARGET_NAME)";
				SWIFT_VERSION = 4.2;
				TARGETED_DEVICE_FAMILY = "1,2";
			};
			name = Release;
		};
/* End XCBuildConfiguration section */

/* Begin XCConfigurationList section */
		918F0424216DA31400A1764D /* Build configuration list for PBXProject "LaskarSampahIRT" */ = {
			isa = XCConfigurationList;
			buildConfigurations = (
				918F0439216DA31400A1764D /* Debug */,
				918F043A216DA31400A1764D /* Release */,
			);
			defaultConfigurationIsVisible = 0;
			defaultConfigurationName = Release;
		};
		918F043B216DA31400A1764D /* Build configuration list for PBXNativeTarget "LaskarSampahIRT" */ = {
			isa = XCConfigurationList;
			buildConfigurations = (
				918F043C216DA31400A1764D /* Debug */,
				918F043D216DA31400A1764D /* Release */,
			);
			defaultConfigurationIsVisible = 0;
			defaultConfigurationName = Release;
		};
/* End XCConfigurationList section */
	};
	rootObject = 918F0421216DA31400A1764D /* Project object */;
}
